{
  "name": "dashboard",
  "version": "1.0.0",
  "lockfileVersion": 3,
  "requires": true,
  "packages": {
    "": {
      "name": "dashboard",
      "version": "1.0.0",
      "license": "ISC",
      "dependencies": {
        "pdf-lib": "^1.17.1",
        "ts-pdf": "^0.12.0"
      }
    },
    "node_modules/@napi-rs/canvas": {
      "version": "0.1.87",
      "resolved": "https://registry.npmjs.org/@napi-rs/canvas/-/canvas-0.1.87.tgz",
      "integrity": "sha512-Zb5tePmPMOYBcuNW3NQaVM1sIkvIfel39euiOab/XMjC5Oc/AnPJLa/BacJcToGyIvehecS6eqcsF7i0Wqe1Sw==",
      "license": "MIT",
      "optional": true,
      "workspaces": [
        "e2e/*"
      ],
      "engines": {
        "node": ">= 10"
      },
      "funding": {
        "type": "github",
        "url": "https://github.com/sponsors/Brooooooklyn"
      },
      "optionalDependencies": {
        "@napi-rs/canvas-android-arm64": "0.1.87",
        "@napi-rs/canvas-darwin-arm64": "0.1.87",
        "@napi-rs/canvas-darwin-x64": "0.1.87",
        "@napi-rs/canvas-linux-arm-gnueabihf": "0.1.87",
        "@napi-rs/canvas-linux-arm64-gnu": "0.1.87",
        "@napi-rs/canvas-linux-arm64-musl": "0.1.87",
        "@napi-rs/canvas-linux-riscv64-gnu": "0.1.87",
        "@napi-rs/canvas-linux-x64-gnu": "0.1.87",
        "@napi-rs/canvas-linux-x64-musl": "0.1.87",
        "@napi-rs/canvas-win32-arm64-msvc": "0.1.87",
        "@napi-rs/canvas-win32-x64-msvc": "0.1.87"
      }
    },
    "node_modules/@napi-rs/canvas-android-arm64": {
      "version": "0.1.87",
      "resolved": "https://registry.npmjs.org/@napi-rs/canvas-android-arm64/-/canvas-android-arm64-0.1.87.tgz",
      "integrity": "sha512-uW7NxJXPvZft9fers4oBhdCsBRVe77DLQS3eXEOxndFzGKiwmjIbZpQqj4QPvrg3I0FM3UfHatz1+17P5SeCOQ==",
      "cpu": [
        "arm64"
      ],
      "license": "MIT",
      "optional": true,
      "os": [
        "android"
      ],
      "engines": {
        "node": ">= 10"
      },
      "funding": {
        "type": "github",
        "url": "https://github.com/sponsors/Brooooooklyn"
      }
    },
    "node_modules/@napi-rs/canvas-darwin-arm64": {
      "version": "0.1.87",
      "resolved": "https://registry.npmjs.org/@napi-rs/canvas-darwin-arm64/-/canvas-darwin-arm64-0.1.87.tgz",
      "integrity": "sha512-S6YbpXwajDKLTsYftEqR+Ne1lHpeC78okI3IqctVdFexN31Taprn6mdV4CkPY/4S8eGNuReBHvXNyWbGqBZ1eQ==",
      "cpu": [
        "arm64"
      ],
      "license": "MIT",
      "optional": true,
      "os": [
        "darwin"
      ],
      "engines": {
        "node": ">= 10"
      },
      "funding": {
        "type": "github",
        "url": "https://github.com/sponsors/Brooooooklyn"
      }
    },
    "node_modules/@napi-rs/canvas-darwin-x64": {
      "version": "0.1.87",
      "resolved": "https://registry.npmjs.org/@napi-rs/canvas-darwin-x64/-/canvas-darwin-x64-0.1.87.tgz",
      "integrity": "sha512-OJLwP2WIUmRSqWTyV/NZ2TnvBzUsbNqQu6IL7oshwfxYg4BELPV279wrfQ/xZFqzr7wybfIzKaPF4du5ZdA2Cg==",
      "cpu": [
        "x64"
      ],
      "license": "MIT",
      "optional": true,
      "os": [
        "darwin"
      ],
      "engines": {
        "node": ">= 10"
      },
      "funding": {
        "type": "github",
        "url": "https://github.com/sponsors/Brooooooklyn"
      }
    },
    "node_modules/@napi-rs/canvas-linux-arm-gnueabihf": {
      "version": "0.1.87",
      "resolved": "https://registry.npmjs.org/@napi-rs/canvas-linux-arm-gnueabihf/-/canvas-linux-arm-gnueabihf-0.1.87.tgz",
      "integrity": "sha512-Io3tY6ogc+oyvIGK9rQlnfH4gKiS35P7W6s22x3WCrLFR0dXzZP2IBBoEFEHd6FY6FR1ky5u9cRmADaiLRdX3g==",
      "cpu": [
        "arm"
      ],
      "license": "MIT",
      "optional": true,
      "os": [
        "linux"
      ],
      "engines": {
        "node": ">= 10"
      },
      "funding": {
        "type": "github",
        "url": "https://github.com/sponsors/Brooooooklyn"
      }
    },
    "node_modules/@napi-rs/canvas-linux-arm64-gnu": {
      "version": "0.1.87",
      "resolved": "https://registry.npmjs.org/@napi-rs/canvas-linux-arm64-gnu/-/canvas-linux-arm64-gnu-0.1.87.tgz",
      "integrity": "sha512-Zq7h/PQzs37gaSR/gNRZOAaCC1kGt6NmDjA1PcqpONITh/rAfAwAeP98emrbBJ4FDoPkYRkxmxHlmXNLlsQIBw==",
      "cpu": [
        "arm64"
      ],
      "license": "MIT",
      "optional": true,
      "os": [
        "linux"
      ],
      "engines": {
        "node": ">= 10"
      },
      "funding": {
        "type": "github",
        "url": "https://github.com/sponsors/Brooooooklyn"
      }
    },
    "node_modules/@napi-rs/canvas-linux-arm64-musl": {
      "version": "0.1.87",
      "resolved": "https://registry.npmjs.org/@napi-rs/canvas-linux-arm64-musl/-/canvas-linux-arm64-musl-0.1.87.tgz",
      "integrity": "sha512-CUa5YJjpsFcUxJbtfoQ4bqO/Rq+JU/2RfTNFxx07q1AjuDjCM8+MOOLCvVOV1z3qhl6nKAtjJT0pA0J8EbnK8Q==",
      "cpu": [
        "arm64"
      ],
      "license": "MIT",
      "optional": true,
      "os": [
        "linux"
      ],
      "engines": {
        "node": ">= 10"
      },
      "funding": {
        "type": "github",
        "url": "https://github.com/sponsors/Brooooooklyn"
      }
    },
    "node_modules/@napi-rs/canvas-linux-riscv64-gnu": {
      "version": "0.1.87",
      "resolved": "https://registry.npmjs.org/@napi-rs/canvas-linux-riscv64-gnu/-/canvas-linux-riscv64-gnu-0.1.87.tgz",
      "integrity": "sha512-5KM4dBFEzFMNkJV2rheIQWpd+mRZA7VNDnxTT7nsCEf6DUjUnf6Hssq9bAwjVYTe4jqraDHbWRbF4uXLBLRFJg==",
      "cpu": [
        "riscv64"
      ],
      "license": "MIT",
      "optional": true,
      "os": [
        "linux"
      ],
      "engines": {
        "node": ">= 10"
      },
      "funding": {
        "type": "github",
        "url": "https://github.com/sponsors/Brooooooklyn"
      }
    },
    "node_modules/@napi-rs/canvas-linux-x64-gnu": {
      "version": "0.1.87",
      "resolved": "https://registry.npmjs.org/@napi-rs/canvas-linux-x64-gnu/-/canvas-linux-x64-gnu-0.1.87.tgz",
      "integrity": "sha512-zSv+ozz9elT5YhocyogX5LwVYURChO4QGD6CQIW6OnuNA0UOMDD/b4wDzlJiMphISy3EVTntlKFhe4W3EuKcxw==",
      "cpu": [
        "x64"
      ],
      "license": "MIT",
      "optional": true,
      "os": [
        "linux"
      ],
      "engines": {
        "node": ">= 10"
      },
      "funding": {
        "type": "github",
        "url": "https://github.com/sponsors/Brooooooklyn"
      }
    },
    "node_modules/@napi-rs/canvas-linux-x64-musl": {
      "version": "0.1.87",
      "resolved": "https://registry.npmjs.org/@napi-rs/canvas-linux-x64-musl/-/canvas-linux-x64-musl-0.1.87.tgz",
      "integrity": "sha512-jTNmicAZQ70X+cbjZz6G6w8lmORwxRBmj/U20ECNYvcWVLshgyCKWPFL2I0Z6pkJve0vZWls6oZ15iccm1sv8w==",
      "cpu": [
        "x64"
      ],
      "license": "MIT",
      "optional": true,
      "os": [
        "linux"
      ],
      "engines": {
        "node": ">= 10"
      },
      "funding": {
        "type": "github",
        "url": "https://github.com/sponsors/Brooooooklyn"
      }
    },
    "node_modules/@napi-rs/canvas-win32-arm64-msvc": {
      "version": "0.1.87",
      "resolved": "https://registry.npmjs.org/@napi-rs/canvas-win32-arm64-msvc/-/canvas-win32-arm64-msvc-0.1.87.tgz",
      "integrity": "sha512-p6J7UNAxKHYc7AL0glEtYuW/E0OLLUNnLti8dA2OT51p08Il4T7yZCl+iNo6f73HntFP+dgOHh2cTXUhmk8GuA==",
      "cpu": [
        "arm64"
      ],
      "license": "MIT",
      "optional": true,
      "os": [
        "win32"
      ],
      "engines": {
        "node": ">= 10"
      },
      "funding": {
        "type": "github",
        "url": "https://github.com/sponsors/Brooooooklyn"
      }
    },
    "node_modules/@napi-rs/canvas-win32-x64-msvc": {
      "version": "0.1.87",
      "resolved": "https://registry.npmjs.org/@napi-rs/canvas-win32-x64-msvc/-/canvas-win32-x64-msvc-0.1.87.tgz",
      "integrity": "sha512-WrwfETMLBRFWkGU8fXU50gCpA2eIjR4NE9JyTKl86Kz5g6SDp0CcuqS2phYtB66TI2HDUhTPbNrk4V7Qf1FOLA==",
      "cpu": [
        "x64"
      ],
      "license": "MIT",
      "optional": true,
      "os": [
        "win32"
      ],
      "engines": {
        "node": ">= 10"
      },
      "funding": {
        "type": "github",
        "url": "https://github.com/sponsors/Brooooooklyn"
      }
    },
    "node_modules/@pdf-lib/standard-fonts": {
      "version": "1.0.0",
      "resolved": "https://registry.npmjs.org/@pdf-lib/standard-fonts/-/standard-fonts-1.0.0.tgz",
      "integrity": "sha512-hU30BK9IUN/su0Mn9VdlVKsWBS6GyhVfqjwl1FjZN4TxP6cCw0jP2w7V3Hf5uX7M0AZJ16vey9yE0ny7Sa59ZA==",
      "license": "MIT",
      "dependencies": {
        "pako": "^1.0.6"
      }
    },
    "node_modules/@pdf-lib/upng": {
      "version": "1.0.1",
      "resolved": "https://registry.npmjs.org/@pdf-lib/upng/-/upng-1.0.1.tgz",
      "integrity": "sha512-dQK2FUMQtowVP00mtIksrlZhdFXQZPC+taih1q4CvPZ5vqdxR/LKBaFg0oAfzd1GlHZXXSPdQfzQnt+ViGvEIQ==",
      "license": "MIT",
      "dependencies": {
        "pako": "^1.0.10"
      }
    },
    "node_modules/crypto-es": {
      "version": "2.1.0",
      "resolved": "https://registry.npmjs.org/crypto-es/-/crypto-es-2.1.0.tgz",
      "integrity": "sha512-C5Dbuv4QTPGuloy5c5Vv/FZHtmK+lobLAypFfuRaBbwCsk3qbCWWESCH3MUcBsrgXloRNMrzwUAiPg4U6+IaKA==",
      "license": "MIT"
    },
    "node_modules/mathador": {
      "version": "0.2.2",
      "resolved": "https://registry.npmjs.org/mathador/-/mathador-0.2.2.tgz",
      "integrity": "sha512-Xxm9uYQ7P1/EsCKwbH+QFlKpfDUg7qPy1VU/CtFWJaTFOdP0vqH8QPx/DcmKRHWdSSVwOVIwod+cU57wf6Rkng==",
      "license": "MIT"
    },
    "node_modules/pako": {
      "version": "1.0.11",
      "resolved": "https://registry.npmjs.org/pako/-/pako-1.0.11.tgz",
      "integrity": "sha512-4hLB8Py4zZce5s4yd9XzopqwVv/yGNhV1Bl8NTmCq1763HeK2+EwVTv+leGeL13Dnh2wfbqowVPXCIO0z4taYw==",
      "license": "(MIT AND Zlib)"
    },
    "node_modules/pdf-lib": {
      "version": "1.17.1",
      "resolved": "https://registry.npmjs.org/pdf-lib/-/pdf-lib-1.17.1.tgz",
      "integrity": "sha512-V/mpyJAoTsN4cnP31vc0wfNA1+p20evqqnap0KLoRUN0Yk/p3wN52DOEsL4oBFcLdb76hlpKPtzJIgo67j/XLw==",
      "license": "MIT",
      "dependencies": {
        "@pdf-lib/standard-fonts": "^1.0.0",
        "@pdf-lib/upng": "^1.0.1",
        "pako": "^1.0.11",
        "tslib": "^1.11.1"
      }
    },
    "node_modules/pdfjs-dist": {
      "version": "4.10.38",
      "resolved": "https://registry.npmjs.org/pdfjs-dist/-/pdfjs-dist-4.10.38.tgz",
      "integrity": "sha512-/Y3fcFrXEAsMjJXeL9J8+ZG9U01LbuWaYypvDW2ycW1jL269L3js3DVBjDJ0Up9Np1uqDXsDrRihHANhZOlwdQ==",
      "license": "Apache-2.0",
      "engines": {
        "node": ">=20"
      },
      "optionalDependencies": {
        "@napi-rs/canvas": "^0.1.65"
      }
    },
    "node_modules/ts-pdf": {
      "version": "0.12.0",
      "resolved": "https://registry.npmjs.org/ts-pdf/-/ts-pdf-0.12.0.tgz",
      "integrity": "sha512-uG6aivtj1+a4YS3MLBcsb6w0y/sCX4Un+JYxatympRzXxmVvY4DDjD28VgsCTTJoGF/tW9zFNpxTQhbvhdB6VA==",
      "license": "AGPL",
      "dependencies": {
        "crypto-es": "^2.1.0",
        "mathador": "^0.2.2",
        "pako": "^2.1.0",
        "pdfjs-dist": "^4.5.136",
        "ts-viewers-core": "^0.0.27"
      }
    },
    "node_modules/ts-pdf/node_modules/pako": {
      "version": "2.1.0",
      "resolved": "https://registry.npmjs.org/pako/-/pako-2.1.0.tgz",
      "integrity": "sha512-w+eufiZ1WuJYgPXbV/PO3NCMEc3xqylkKHzp8bxp1uW4qaSNQUkwmLLEc3kKsfz8lpV1F8Ht3U1Cm+9Srog2ug==",
      "license": "(MIT AND Zlib)"
    },
    "node_modules/ts-viewers-core": {
      "version": "0.0.27",
      "resolved": "https://registry.npmjs.org/ts-viewers-core/-/ts-viewers-core-0.0.27.tgz",
      "integrity": "sha512-OcSPCAQwKzTxM9Z84XXIpC/gXvzukXU1/xCoPk7JhWQAbfZdCj+defORoTcEDNdKtydAWXq/Dx3nvtAaQ/D3NA==",
      "license": "MIT",
      "dependencies": {
        "mathador": "^0.2.2",
        "uuid": "^8.3.2"
      }
    },
    "node_modules/tslib": {
      "version": "1.14.1",
      "resolved": "https://registry.npmjs.org/tslib/-/tslib-1.14.1.tgz",
      "integrity": "sha512-Xni35NKzjgMrwevysHTCArtLDpPvye8zV/0E4EyYn43P7/7qvQwPh9BGkHewbMulVntbigmcT7rdX3BNo9wRJg==",
      "license": "0BSD"
    },
    "node_modules/uuid": {
      "version": "8.3.2",
      "resolved": "https://registry.npmjs.org/uuid/-/uuid-8.3.2.tgz",
      "integrity": "sha512-+NYs2QeMWy+GWFOEm9xnn6HCDp0l7QBD7ml8zLUmJ+93Q5NF0NocErnwkTkXVFNiX3/fpC6afS8Dhb/gz7R7eg==",
      "license": "MIT",
      "bin": {
        "uuid": "dist/bin/uuid"
      }
    }
  }
}
